{
  "name": "alephium-mining-proxy",
  "version": "0.0.1",
  "lockfileVersion": 2,
  "requires": true,
  "packages": {
    "": {
      "name": "alephium-mining-proxy",
      "version": "0.0.1",
      "dependencies": {
        "@napi-rs/blake-hash": "1.3.0",
        "base58-native": "*",
        "bignum": "0.13.1",
        "binary-parser": "2.0.2"
      },
      "bin": {
        "proxy": "init.js"
      },
      "engines": {
        "node": ">=14"
      }
    },
    "node_modules/@napi-rs/blake-hash": {
      "version": "1.3.0",
      "resolved": "https://registry.npmjs.org/@napi-rs/blake-hash/-/blake-hash-1.3.0.tgz",
      "integrity": "sha512-jPeAYGhP7J0vZecIIZz2dSx7ZW4zfhwR+zKEcbdRSGSyA240H9P6wVRtw1OWzIfMhE0X7rzZcOxZvl6CKI+Efg==",
      "engines": {
        "node": ">= 10"
      },
      "funding": {
        "type": "github",
        "url": "https://github.com/sponsors/Brooooooklyn"
      },
      "optionalDependencies": {
        "@napi-rs/blake-hash-android-arm64": "1.3.0",
        "@napi-rs/blake-hash-darwin-arm64": "1.3.0",
        "@napi-rs/blake-hash-darwin-x64": "1.3.0",
        "@napi-rs/blake-hash-freebsd-x64": "1.3.0",
        "@napi-rs/blake-hash-linux-arm-gnueabihf": "1.3.0",
        "@napi-rs/blake-hash-linux-arm64-gnu": "1.3.0",
        "@napi-rs/blake-hash-linux-arm64-musl": "1.3.0",
        "@napi-rs/blake-hash-linux-x64-gnu": "1.3.0",
        "@napi-rs/blake-hash-linux-x64-musl": "1.3.0",
        "@napi-rs/blake-hash-win32-arm64-msvc": "1.3.0",
        "@napi-rs/blake-hash-win32-ia32-msvc": "1.3.0",
        "@napi-rs/blake-hash-win32-x64-msvc": "1.3.0"
      }
    },
    "node_modules/@napi-rs/blake-hash-android-arm64": {
      "version": "1.3.0",
      "resolved": "https://registry.npmjs.org/@napi-rs/blake-hash-android-arm64/-/blake-hash-android-arm64-1.3.0.tgz",
      "integrity": "sha512-ADQB/N20z6ylNxbjzbxExtphrJb5HPC85pkc81C+KHS35b2e0j9pyzAhFgK3jUVJhHfJDVv6A6bhcTM9UNuP8A==",
      "cpu": [
        "arm64"
      ],
      "optional": true,
      "os": [
        "android"
      ],
      "engines": {
        "node": ">= 10"
      }
    },
    "node_modules/@napi-rs/blake-hash-darwin-arm64": {
      "version": "1.3.0",
      "resolved": "https://registry.npmjs.org/@napi-rs/blake-hash-darwin-arm64/-/blake-hash-darwin-arm64-1.3.0.tgz",
      "integrity": "sha512-Sh2jgMkKfC43FnsSWb8B23CURAmlO25agk+suIUIglHwQaRe5BKVVlJ5dpM0A0Zfu3zp5HH2GveYJf4wbFP79g==",
      "cpu": [
        "arm64"
      ],
      "optional": true,
      "os": [
        "darwin"
      ],
      "engines": {
        "node": ">= 10"
      }
    },
    "node_modules/@napi-rs/blake-hash-darwin-x64": {
      "version": "1.3.0",
      "resolved": "https://registry.npmjs.org/@napi-rs/blake-hash-darwin-x64/-/blake-hash-darwin-x64-1.3.0.tgz",
      "integrity": "sha512-NdMrOClD02LKRCBbFNuCzuSGiwXE7zjoiQZ3l1XyVHzVm3lI5KuoqkKBHqMuJnzUdvya3I8lT3gDrbu++Lb8nQ==",
      "cpu": [
        "x64"
      ],
      "optional": true,
      "os": [
        "darwin"
      ],
      "engines": {
        "node": ">= 10"
      }
    },
    "node_modules/@napi-rs/blake-hash-freebsd-x64": {
      "version": "1.3.0",
      "resolved": "https://registry.npmjs.org/@napi-rs/blake-hash-freebsd-x64/-/blake-hash-freebsd-x64-1.3.0.tgz",
      "integrity": "sha512-8V7H0o317+mevBe2Rt5X98mSejHmd4pUtVLhmVcdvV3mVG/AkG7Yg6KQ5qO5krUYN3q4L5k5YkkyFkFKnQ+S5g==",
      "cpu": [
        "x64"
      ],
      "optional": true,
      "os": [
        "freebsd"
      ],
      "engines": {
        "node": ">= 10"
      }
    },
    "node_modules/@napi-rs/blake-hash-linux-arm-gnueabihf": {
      "version": "1.3.0",
      "resolved": "https://registry.npmjs.org/@napi-rs/blake-hash-linux-arm-gnueabihf/-/blake-hash-linux-arm-gnueabihf-1.3.0.tgz",
      "integrity": "sha512-DYLrSBop5rbPsT61Kh8NDix33+x6QaQDXFymWKZ53eUtnwbI+vufA8kGElaVv8/g9/Q4SvuHs9ddiRdRWVZu7w==",
      "cpu": [
        "arm"
      ],
      "optional": true,
      "os": [
        "linux"
      ],
      "engines": {
        "node": ">= 10"
      }
    },
    "node_modules/@napi-rs/blake-hash-linux-arm64-gnu": {
      "version": "1.3.0",
      "resolved": "https://registry.npmjs.org/@napi-rs/blake-hash-linux-arm64-gnu/-/blake-hash-linux-arm64-gnu-1.3.0.tgz",
      "integrity": "sha512-7NyNtetsGyCgUT/FWJSW/XElBujl5dGAp0sMjcXHMSEoNK98kVMmTLSzvBc3lLAU9F22WPUl0gbKlfEuzLqSXQ==",
      "cpu": [
        "arm64"
      ],
      "optional": true,
      "os": [
        "linux"
      ],
      "engines": {
        "node": ">= 10"
      }
    },
    "node_modules/@napi-rs/blake-hash-linux-arm64-musl": {
      "version": "1.3.0",
      "resolved": "https://registry.npmjs.org/@napi-rs/blake-hash-linux-arm64-musl/-/blake-hash-linux-arm64-musl-1.3.0.tgz",
      "integrity": "sha512-56CP0W+2epbehbJtXTcZS7HhjszDVetSs1GucDdeY3b+oIl5afPWV4b4CtkH+atKb+0FTcc4HFZnT4/Zu46N0Q==",
      "cpu": [
        "arm64"
      ],
      "optional": true,
      "os": [
        "linux"
      ],
      "engines": {
        "node": ">= 10"
      }
    },
    "node_modules/@napi-rs/blake-hash-linux-x64-gnu": {
      "version": "1.3.0",
      "resolved": "https://registry.npmjs.org/@napi-rs/blake-hash-linux-x64-gnu/-/blake-hash-linux-x64-gnu-1.3.0.tgz",
      "integrity": "sha512-00Idj9+JtCe4u/Cx/VvYsdUdNklP6oqKvRu0XSRuchO43LppihrN1Ew4Q/O0OjuWQQ1KyZhGmTjp63uSBP4dug==",
      "cpu": [
        "x64"
      ],
      "optional": true,
      "os": [
        "linux"
      ],
      "engines": {
        "node": ">= 10"
      }
    },
    "node_modules/@napi-rs/blake-hash-linux-x64-musl": {
      "version": "1.3.0",
      "resolved": "https://registry.npmjs.org/@napi-rs/blake-hash-linux-x64-musl/-/blake-hash-linux-x64-musl-1.3.0.tgz",
      "integrity": "sha512-znEOeC5ku8OpzTDwEKdnLNErTJw1QJCgV5u9ZmxebQeHKzXKiiRDO1N4PLtQo0Y+uVV1iuYZP/ZWGJ5B492NhQ==",
      "cpu": [
        "x64"
      ],
      "optional": true,
      "os": [
        "linux"
      ],
      "engines": {
        "node": ">= 10"
      }
    },
    "node_modules/@napi-rs/blake-hash-win32-arm64-msvc": {
      "version": "1.3.0",
      "resolved": "https://registry.npmjs.org/@napi-rs/blake-hash-win32-arm64-msvc/-/blake-hash-win32-arm64-msvc-1.3.0.tgz",
      "integrity": "sha512-wWgAKZHuSjogu87S0/pJWij4kOrYRsQPR3ARQyaVtnJpI+vyRn+UcgJVTT+HfEdTytgIgzfZM9vosY8zLlcY9w==",
      "cpu": [
        "arm64"
      ],
      "optional": true,
      "os": [
        "win32"
      ],
      "engines": {
        "node": ">= 10"
      }
    },
    "node_modules/@napi-rs/blake-hash-win32-ia32-msvc": {
      "version": "1.3.0",
      "resolved": "https://registry.npmjs.org/@napi-rs/blake-hash-win32-ia32-msvc/-/blake-hash-win32-ia32-msvc-1.3.0.tgz",
      "integrity": "sha512-b+dEb3VxN9cqPmrg1cDMFFFho/2d2xoAVU4Yi5x6CCRHnvUfKCuyxIpdM4dJmxppPcFXokI6zrsVg2iuJPyxgA==",
      "cpu": [
        "ia32"
      ],
      "optional": true,
      "os": [
        "win32"
      ],
      "engines": {
        "node": ">= 10"
      }
    },
    "node_modules/@napi-rs/blake-hash-win32-x64-msvc": {
      "version": "1.3.0",
      "resolved": "https://registry.npmjs.org/@napi-rs/blake-hash-win32-x64-msvc/-/blake-hash-win32-x64-msvc-1.3.0.tgz",
      "integrity": "sha512-quVCzVvRTZaJRYbcBlWqoHG8v/+GWfn2HpbIyqbmTUeRfOV7V0r4HjJHRX+eKCmQiAygduWFWgl8jAEasSRGwg==",
      "cpu": [
        "x64"
      ],
      "optional": true,
      "os": [
        "win32"
      ],
      "engines": {
        "node": ">= 10"
      }
    },
    "node_modules/base58-native": {
      "version": "0.1.4",
      "resolved": "https://registry.npmjs.org/base58-native/-/base58-native-0.1.4.tgz",
      "integrity": "sha1-u5I0qN8mYtBLC3Fa7uH4mxX+8TQ=",
      "dependencies": {
        "bignum": ">=0.6.1"
      }
    },
    "node_modules/bignum": {
      "version": "0.13.1",
      "resolved": "https://registry.npmjs.org/bignum/-/bignum-0.13.1.tgz",
      "integrity": "sha512-sPtvw/knt6nmBm4fPgsu+FtNypM5y2Org723h9fAOl7UDgc8nyIbVbcBCatVR/nOJWCsKctSE14u+3bW5sAkFA==",
      "hasInstallScript": true,
      "dependencies": {
        "bindings": "^1.5.0",
        "nan": "^2.14.0",
        "safe-buffer": "^5.2.0"
      }
    },
    "node_modules/binary-parser": {
      "version": "2.0.2",
      "resolved": "https://registry.npmjs.org/binary-parser/-/binary-parser-2.0.2.tgz",
      "integrity": "sha512-F2JeaLmExQ0vOEbS5ERzkxePKWTPqJPV6Z04/owaXMQLlW1Kt9v2gUz3SocR40JQGtrUeZu3j6prZDeuEG8Dng==",
      "engines": {
        "node": ">=12"
      }
    },
    "node_modules/bindings": {
      "version": "1.5.0",
      "resolved": "https://registry.npmjs.org/bindings/-/bindings-1.5.0.tgz",
      "integrity": "sha512-p2q/t/mhvuOj/UeLlV6566GD/guowlr0hHxClI0W9m7MWYkL1F0hLo+0Aexs9HSPCtR1SXQ0TD3MMKrXZajbiQ==",
      "dependencies": {
        "file-uri-to-path": "1.0.0"
      }
    },
    "node_modules/file-uri-to-path": {
      "version": "1.0.0",
      "resolved": "https://registry.npmjs.org/file-uri-to-path/-/file-uri-to-path-1.0.0.tgz",
      "integrity": "sha512-0Zt+s3L7Vf1biwWZ29aARiVYLx7iMGnEUl9x33fbB/j3jR81u/O2LbqK+Bm1CDSNDKVtJ/YjwY7TUd5SkeLQLw=="
    },
    "node_modules/nan": {
      "version": "2.15.0",
      "resolved": "https://registry.npmjs.org/nan/-/nan-2.15.0.tgz",
      "integrity": "sha512-8ZtvEnA2c5aYCZYd1cvgdnU6cqwixRoYg70xPLWUws5ORTa/lnw+u4amixRS/Ac5U5mQVgp9pnlSUnbNWFaWZQ=="
    },
    "node_modules/safe-buffer": {
      "version": "5.2.1",
      "resolved": "https://registry.npmjs.org/safe-buffer/-/safe-buffer-5.2.1.tgz",
      "integrity": "sha512-rp3So07KcdmmKbGvgaNxQSJr7bGVSVk5S9Eq1F+ppbRo70+YeaDxkw5Dd8NPN+GD6bjnYm2VuPuCXmpuYvmCXQ==",
      "funding": [
        {
          "type": "github",
          "url": "https://github.com/sponsors/feross"
        },
        {
          "type": "patreon",
          "url": "https://www.patreon.com/feross"
        },
        {
          "type": "consulting",
          "url": "https://feross.org/support"
        }
      ]
    }
  },
  "dependencies": {
    "@napi-rs/blake-hash": {
      "version": "1.3.0",
      "resolved": "https://registry.npmjs.org/@napi-rs/blake-hash/-/blake-hash-1.3.0.tgz",
      "integrity": "sha512-jPeAYGhP7J0vZecIIZz2dSx7ZW4zfhwR+zKEcbdRSGSyA240H9P6wVRtw1OWzIfMhE0X7rzZcOxZvl6CKI+Efg==",
      "requires": {
        "@napi-rs/blake-hash-android-arm64": "1.3.0",
        "@napi-rs/blake-hash-darwin-arm64": "1.3.0",
        "@napi-rs/blake-hash-darwin-x64": "1.3.0",
        "@napi-rs/blake-hash-freebsd-x64": "1.3.0",
        "@napi-rs/blake-hash-linux-arm-gnueabihf": "1.3.0",
        "@napi-rs/blake-hash-linux-arm64-gnu": "1.3.0",
        "@napi-rs/blake-hash-linux-arm64-musl": "1.3.0",
        "@napi-rs/blake-hash-linux-x64-gnu": "1.3.0",
        "@napi-rs/blake-hash-linux-x64-musl": "1.3.0",
        "@napi-rs/blake-hash-win32-arm64-msvc": "1.3.0",
        "@napi-rs/blake-hash-win32-ia32-msvc": "1.3.0",
        "@napi-rs/blake-hash-win32-x64-msvc": "1.3.0"
      }
    },
    "@napi-rs/blake-hash-android-arm64": {
      "version": "1.3.0",
      "resolved": "https://registry.npmjs.org/@napi-rs/blake-hash-android-arm64/-/blake-hash-android-arm64-1.3.0.tgz",
      "integrity": "sha512-ADQB/N20z6ylNxbjzbxExtphrJb5HPC85pkc81C+KHS35b2e0j9pyzAhFgK3jUVJhHfJDVv6A6bhcTM9UNuP8A==",
      "optional": true
    },
    "@napi-rs/blake-hash-darwin-arm64": {
      "version": "1.3.0",
      "resolved": "https://registry.npmjs.org/@napi-rs/blake-hash-darwin-arm64/-/blake-hash-darwin-arm64-1.3.0.tgz",
      "integrity": "sha512-Sh2jgMkKfC43FnsSWb8B23CURAmlO25agk+suIUIglHwQaRe5BKVVlJ5dpM0A0Zfu3zp5HH2GveYJf4wbFP79g==",
      "optional": true
    },
    "@napi-rs/blake-hash-darwin-x64": {
      "version": "1.3.0",
      "resolved": "https://registry.npmjs.org/@napi-rs/blake-hash-darwin-x64/-/blake-hash-darwin-x64-1.3.0.tgz",
      "integrity": "sha512-NdMrOClD02LKRCBbFNuCzuSGiwXE7zjoiQZ3l1XyVHzVm3lI5KuoqkKBHqMuJnzUdvya3I8lT3gDrbu++Lb8nQ==",
      "optional": true
    },
    "@napi-rs/blake-hash-freebsd-x64": {
      "version": "1.3.0",
      "resolved": "https://registry.npmjs.org/@napi-rs/blake-hash-freebsd-x64/-/blake-hash-freebsd-x64-1.3.0.tgz",
      "integrity": "sha512-8V7H0o317+mevBe2Rt5X98mSejHmd4pUtVLhmVcdvV3mVG/AkG7Yg6KQ5qO5krUYN3q4L5k5YkkyFkFKnQ+S5g==",
      "optional": true
    },
    "@napi-rs/blake-hash-linux-arm-gnueabihf": {
      "version": "1.3.0",
      "resolved": "https://registry.npmjs.org/@napi-rs/blake-hash-linux-arm-gnueabihf/-/blake-hash-linux-arm-gnueabihf-1.3.0.tgz",
      "integrity": "sha512-DYLrSBop5rbPsT61Kh8NDix33+x6QaQDXFymWKZ53eUtnwbI+vufA8kGElaVv8/g9/Q4SvuHs9ddiRdRWVZu7w==",
      "optional": true
    },
    "@napi-rs/blake-hash-linux-arm64-gnu": {
      "version": "1.3.0",
      "resolved": "https://registry.npmjs.org/@napi-rs/blake-hash-linux-arm64-gnu/-/blake-hash-linux-arm64-gnu-1.3.0.tgz",
      "integrity": "sha512-7NyNtetsGyCgUT/FWJSW/XElBujl5dGAp0sMjcXHMSEoNK98kVMmTLSzvBc3lLAU9F22WPUl0gbKlfEuzLqSXQ==",
      "optional": true
    },
    "@napi-rs/blake-hash-linux-arm64-musl": {
      "version": "1.3.0",
      "resolved": "https://registry.npmjs.org/@napi-rs/blake-hash-linux-arm64-musl/-/blake-hash-linux-arm64-musl-1.3.0.tgz",
      "integrity": "sha512-56CP0W+2epbehbJtXTcZS7HhjszDVetSs1GucDdeY3b+oIl5afPWV4b4CtkH+atKb+0FTcc4HFZnT4/Zu46N0Q==",
      "optional": true
    },
    "@napi-rs/blake-hash-linux-x64-gnu": {
      "version": "1.3.0",
      "resolved": "https://registry.npmjs.org/@napi-rs/blake-hash-linux-x64-gnu/-/blake-hash-linux-x64-gnu-1.3.0.tgz",
      "integrity": "sha512-00Idj9+JtCe4u/Cx/VvYsdUdNklP6oqKvRu0XSRuchO43LppihrN1Ew4Q/O0OjuWQQ1KyZhGmTjp63uSBP4dug==",
      "optional": true
    },
    "@napi-rs/blake-hash-linux-x64-musl": {
      "version": "1.3.0",
      "resolved": "https://registry.npmjs.org/@napi-rs/blake-hash-linux-x64-musl/-/blake-hash-linux-x64-musl-1.3.0.tgz",
      "integrity": "sha512-znEOeC5ku8OpzTDwEKdnLNErTJw1QJCgV5u9ZmxebQeHKzXKiiRDO1N4PLtQo0Y+uVV1iuYZP/ZWGJ5B492NhQ==",
      "optional": true
    },
    "@napi-rs/blake-hash-win32-arm64-msvc": {
      "version": "1.3.0",
      "resolved": "https://registry.npmjs.org/@napi-rs/blake-hash-win32-arm64-msvc/-/blake-hash-win32-arm64-msvc-1.3.0.tgz",
      "integrity": "sha512-wWgAKZHuSjogu87S0/pJWij4kOrYRsQPR3ARQyaVtnJpI+vyRn+UcgJVTT+HfEdTytgIgzfZM9vosY8zLlcY9w==",
      "optional": true
    },
    "@napi-rs/blake-hash-win32-ia32-msvc": {
      "version": "1.3.0",
      "resolved": "https://registry.npmjs.org/@napi-rs/blake-hash-win32-ia32-msvc/-/blake-hash-win32-ia32-msvc-1.3.0.tgz",
      "integrity": "sha512-b+dEb3VxN9cqPmrg1cDMFFFho/2d2xoAVU4Yi5x6CCRHnvUfKCuyxIpdM4dJmxppPcFXokI6zrsVg2iuJPyxgA==",
      "optional": true
    },
    "@napi-rs/blake-hash-win32-x64-msvc": {
      "version": "1.3.0",
      "resolved": "https://registry.npmjs.org/@napi-rs/blake-hash-win32-x64-msvc/-/blake-hash-win32-x64-msvc-1.3.0.tgz",
      "integrity": "sha512-quVCzVvRTZaJRYbcBlWqoHG8v/+GWfn2HpbIyqbmTUeRfOV7V0r4HjJHRX+eKCmQiAygduWFWgl8jAEasSRGwg==",
      "optional": true
    },
    "base58-native": {
      "version": "0.1.4",
      "resolved": "https://registry.npmjs.org/base58-native/-/base58-native-0.1.4.tgz",
      "integrity": "sha1-u5I0qN8mYtBLC3Fa7uH4mxX+8TQ=",
      "requires": {
        "bignum": ">=0.6.1"
      }
    },
    "bignum": {
      "version": "0.13.1",
      "resolved": "https://registry.npmjs.org/bignum/-/bignum-0.13.1.tgz",
      "integrity": "sha512-sPtvw/knt6nmBm4fPgsu+FtNypM5y2Org723h9fAOl7UDgc8nyIbVbcBCatVR/nOJWCsKctSE14u+3bW5sAkFA==",
      "requires": {
        "bindings": "^1.5.0",
        "nan": "^2.14.0",
        "safe-buffer": "^5.2.0"
      }
    },
    "binary-parser": {
      "version": "2.0.2",
      "resolved": "https://registry.npmjs.org/binary-parser/-/binary-parser-2.0.2.tgz",
      "integrity": "sha512-F2JeaLmExQ0vOEbS5ERzkxePKWTPqJPV6Z04/owaXMQLlW1Kt9v2gUz3SocR40JQGtrUeZu3j6prZDeuEG8Dng=="
    },
    "bindings": {
      "version": "1.5.0",
      "resolved": "https://registry.npmjs.org/bindings/-/bindings-1.5.0.tgz",
      "integrity": "sha512-p2q/t/mhvuOj/UeLlV6566GD/guowlr0hHxClI0W9m7MWYkL1F0hLo+0Aexs9HSPCtR1SXQ0TD3MMKrXZajbiQ==",
      "requires": {
        "file-uri-to-path": "1.0.0"
      }
    },
    "file-uri-to-path": {
      "version": "1.0.0",
      "resolved": "https://registry.npmjs.org/file-uri-to-path/-/file-uri-to-path-1.0.0.tgz",
      "integrity": "sha512-0Zt+s3L7Vf1biwWZ29aARiVYLx7iMGnEUl9x33fbB/j3jR81u/O2LbqK+Bm1CDSNDKVtJ/YjwY7TUd5SkeLQLw=="
    },
    "nan": {
      "version": "2.15.0",
      "resolved": "https://registry.npmjs.org/nan/-/nan-2.15.0.tgz",
      "integrity": "sha512-8ZtvEnA2c5aYCZYd1cvgdnU6cqwixRoYg70xPLWUws5ORTa/lnw+u4amixRS/Ac5U5mQVgp9pnlSUnbNWFaWZQ=="
    },
    "safe-buffer": {
      "version": "5.2.1",
      "resolved": "https://registry.npmjs.org/safe-buffer/-/safe-buffer-5.2.1.tgz",
      "integrity": "sha512-rp3So07KcdmmKbGvgaNxQSJr7bGVSVk5S9Eq1F+ppbRo70+YeaDxkw5Dd8NPN+GD6bjnYm2VuPuCXmpuYvmCXQ=="
    }
  }
}
